
Microsoft Visual Studio Solution File, Format Version 12.00
# Visual Studio Version 17
VisualStudioVersion = 17.0.32112.339
MinimumVisualStudioVersion = 10.0.40219.1
Project("{FAE04EC0-301F-11D3-BF4B-00C04F79EFBC}") = "buildappgitpat", "buildappgitpat\buildappgitpat.csproj", "{F9F67AB2-D76D-4ACB-B146-27DAC82EF876}"
EndProject
Global
	GlobalSection(SolutionConfigurationPlatforms) = preSolution
		Debug|Any CPU = Debug|Any CPU
		Release|Any CPU = Release|Any CPU
	EndGlobalSection
	GlobalSection(ProjectConfigurationPlatforms) = postSolution
		{F9F67AB2-D76D-4ACB-B146-27DAC82EF876}.Debug|Any CPU.ActiveCfg = Debug|Any CPU
		{F9F67AB2-D76D-4ACB-B146-27DAC82EF876}.Debug|Any CPU.Build.0 = Debug|Any CPU
		{F9F67AB2-D76D-4ACB-B146-27DAC82EF876}.Release|Any CPU.ActiveCfg = Release|Any CPU
		{F9F67AB2-D76D-4ACB-B146-27DAC82EF876}.Release|Any CPU.Build.0 = Release|Any CPU
	EndGlobalSection
	GlobalSection(SolutionProperties) = preSolution
		HideSolutionNode = FALSE
	EndGlobalSection
	GlobalSection(ExtensibilityGlobals) = postSolution
		SolutionGuid = {AFC6122A-2D01-4CA6-B67A-A00072A3D495}
	EndGlobalSection
EndGlobal
